
Microsoft Visual Studio Solution File, Format Version 12.00
# Visual Studio 2012
Project("{FAE04EC0-301F-11D3-BF4B-00C04F79EFBC}") = "CivSim1Lib", "CivSim1Lib\CivSim1Lib.csproj", "{FF55FA52-0894-4655-A269-0510B3CEB96D}"
EndProject
Global
	GlobalSection(SolutionConfigurationPlatforms) = preSolution
		Debug|Any CPU = Debug|Any CPU
		Release|Any CPU = Release|Any CPU
	EndGlobalSection
	GlobalSection(ProjectConfigurationPlatforms) = postSolution
		{FF55FA52-0894-4655-A269-0510B3CEB96D}.Debug|Any CPU.ActiveCfg = Debug|Any CPU
		{FF55FA52-0894-4655-A269-0510B3CEB96D}.Debug|Any CPU.Build.0 = Debug|Any CPU
		{FF55FA52-0894-4655-A269-0510B3CEB96D}.Release|Any CPU.ActiveCfg = Release|Any CPU
		{FF55FA52-0894-4655-A269-0510B3CEB96D}.Release|Any CPU.Build.0 = Release|Any CPU
	EndGlobalSection
	GlobalSection(SolutionProperties) = preSolution
		HideSolutionNode = FALSE
	EndGlobalSection
EndGlobal
